{
  "name": "drop",
  "version": "1.0.0",
  "lockfileVersion": 2,
  "requires": true,
  "packages": {
    "": {
      "name": "drop",
      "version": "1.0.0",
      "license": "ISC",
      "dependencies": {
        "wasm-git": "^0.0.9"
      }
    },
    "node_modules/wasm-git": {
      "version": "0.0.9",
      "resolved": "https://registry.npmjs.org/wasm-git/-/wasm-git-0.0.9.tgz",
      "integrity": "sha512-QG+tKW4WWeMPNG+F/SWJvKABNiHs4GDuOtllC2XJ6JD7laSA0VSsfi60FT++R//pl5w97mQmDHBcvueedmg+Pg=="
    }
  },
  "dependencies": {
    "wasm-git": {
      "version": "0.0.9",
      "resolved": "https://registry.npmjs.org/wasm-git/-/wasm-git-0.0.9.tgz",
      "integrity": "sha512-QG+tKW4WWeMPNG+F/SWJvKABNiHs4GDuOtllC2XJ6JD7laSA0VSsfi60FT++R//pl5w97mQmDHBcvueedmg+Pg=="
    }
  }
}
